
Microsoft Visual Studio Solution File, Format Version 12.00
Project("{2150E333-8FDC-42A3-9474-1A3956D46DE8}") = "src", "PaymentGateway\src", "{1B3134D7-1FCC-4E2A-85B7-D41FAAE46911}"
EndProject
Project("{2150E333-8FDC-42A3-9474-1A3956D46DE8}") = "tests", "PaymentGateway\tests", "{0A26E4D4-D313-4FA4-82E4-F0D1FEDAFE9A}"
EndProject
Project("{2150E333-8FDC-42A3-9474-1A3956D46DE8}") = "PaymentGateway", "PaymentGateway", "{A486B800-3E8B-4C4F-99D9-E9CF68282315}"
EndProject
Project("{FAE04EC0-301F-11D3-BF4B-00C04F79EFBC}") = "PaymentGateway.Core", "PaymentGateway\src\PaymentGateway.Core\PaymentGateway.Core.csproj", "{53C642BE-2EFD-4DB9-8D7E-4E4E39B410B5}"
EndProject
Project("{FAE04EC0-301F-11D3-BF4B-00C04F79EFBC}") = "PaymentGateway.UnitTests", "PaymentGateway\tests\PaymentGateway.UnitTests\PaymentGateway.UnitTests.csproj", "{9C59D592-B015-41BF-8365-B917BFDDC9B6}"
EndProject
Global
	GlobalSection(SolutionConfigurationPlatforms) = preSolution
		Debug|Any CPU = Debug|Any CPU
		Release|Any CPU = Release|Any CPU
	EndGlobalSection
	GlobalSection(NestedProjects) = preSolution
		{1B3134D7-1FCC-4E2A-85B7-D41FAAE46911} = {A486B800-3E8B-4C4F-99D9-E9CF68282315}
		{0A26E4D4-D313-4FA4-82E4-F0D1FEDAFE9A} = {A486B800-3E8B-4C4F-99D9-E9CF68282315}
		{53C642BE-2EFD-4DB9-8D7E-4E4E39B410B5} = {1B3134D7-1FCC-4E2A-85B7-D41FAAE46911}
		{9C59D592-B015-41BF-8365-B917BFDDC9B6} = {0A26E4D4-D313-4FA4-82E4-F0D1FEDAFE9A}
	EndGlobalSection
	GlobalSection(ProjectConfigurationPlatforms) = postSolution
		{53C642BE-2EFD-4DB9-8D7E-4E4E39B410B5}.Debug|Any CPU.ActiveCfg = Debug|Any CPU
		{53C642BE-2EFD-4DB9-8D7E-4E4E39B410B5}.Debug|Any CPU.Build.0 = Debug|Any CPU
		{53C642BE-2EFD-4DB9-8D7E-4E4E39B410B5}.Release|Any CPU.ActiveCfg = Release|Any CPU
		{53C642BE-2EFD-4DB9-8D7E-4E4E39B410B5}.Release|Any CPU.Build.0 = Release|Any CPU
		{9C59D592-B015-41BF-8365-B917BFDDC9B6}.Debug|Any CPU.ActiveCfg = Debug|Any CPU
		{9C59D592-B015-41BF-8365-B917BFDDC9B6}.Debug|Any CPU.Build.0 = Debug|Any CPU
		{9C59D592-B015-41BF-8365-B917BFDDC9B6}.Release|Any CPU.ActiveCfg = Release|Any CPU
		{9C59D592-B015-41BF-8365-B917BFDDC9B6}.Release|Any CPU.Build.0 = Release|Any CPU
	EndGlobalSection
EndGlobal
